
Microsoft Visual Studio Solution File, Format Version 12.00
# Visual Studio 14
VisualStudioVersion = 14.0.25420.1
MinimumVisualStudioVersion = 10.0.40219.1
Project("{FAE04EC0-301F-11D3-BF4B-00C04F79EFBC}") = "ARGUSnet.RaspberryPiFramework.NativeAdapter", "NativeAdapter\ARGUSnet.RaspberryPiFramework.NativeAdapter.csproj", "{23410C7A-BCD4-49E9-AF09-AA0D33BAC6A7}"
EndProject
Project("{FAE04EC0-301F-11D3-BF4B-00C04F79EFBC}") = "ARGUSnet.RaspberryPiFramework.Model", "Model\ARGUSnet.RaspberryPiFramework.Model.csproj", "{4CA64D4E-4ACB-4CB7-AA8E-54398B25B8AB}"
EndProject
Project("{FAE04EC0-301F-11D3-BF4B-00C04F79EFBC}") = "ARGUSnet.RaspberryPiFramework.NetworkIntegration.App", "NetworkIntegration.App\ARGUSnet.RaspberryPiFramework.NetworkIntegration.App.csproj", "{668D8036-DC97-4250-B539-81175F9C9BD3}"
EndProject
Project("{FAE04EC0-301F-11D3-BF4B-00C04F79EFBC}") = "ARGUSnet.RaspberryPiFramework.NetworkIntegration.Services", "NetworkIntegration.Services\ARGUSnet.RaspberryPiFramework.NetworkIntegration.Services.csproj", "{57CA4ACB-4759-492C-AC65-E2F86C0AA663}"
EndProject
Project("{2150E333-8FDC-42A3-9474-1A3956D46DE8}") = "Docs", "Docs", "{A16B57ED-910C-4373-88F3-A6822F9D1877}"
	ProjectSection(SolutionItems) = preProject
		Docs\Deployment.txt = Docs\Deployment.txt
		Docs\Installation.txt = Docs\Installation.txt
		Docs\UsefulLinks.txt = Docs\UsefulLinks.txt
	EndProjectSection
EndProject
Global
	GlobalSection(SolutionConfigurationPlatforms) = preSolution
		Debug|Any CPU = Debug|Any CPU
		Debug|ARM = Debug|ARM
		Debug|x64 = Debug|x64
		Debug|x86 = Debug|x86
		Release|Any CPU = Release|Any CPU
		Release|ARM = Release|ARM
		Release|x64 = Release|x64
		Release|x86 = Release|x86
	EndGlobalSection
	GlobalSection(ProjectConfigurationPlatforms) = postSolution
		{23410C7A-BCD4-49E9-AF09-AA0D33BAC6A7}.Debug|Any CPU.ActiveCfg = Debug|Any CPU
		{23410C7A-BCD4-49E9-AF09-AA0D33BAC6A7}.Debug|Any CPU.Build.0 = Debug|Any CPU
		{23410C7A-BCD4-49E9-AF09-AA0D33BAC6A7}.Debug|ARM.ActiveCfg = Debug|ARM
		{23410C7A-BCD4-49E9-AF09-AA0D33BAC6A7}.Debug|ARM.Build.0 = Debug|ARM
		{23410C7A-BCD4-49E9-AF09-AA0D33BAC6A7}.Debug|x64.ActiveCfg = Debug|x64
		{23410C7A-BCD4-49E9-AF09-AA0D33BAC6A7}.Debug|x64.Build.0 = Debug|x64
		{23410C7A-BCD4-49E9-AF09-AA0D33BAC6A7}.Debug|x86.ActiveCfg = Debug|x86
		{23410C7A-BCD4-49E9-AF09-AA0D33BAC6A7}.Debug|x86.Build.0 = Debug|x86
		{23410C7A-BCD4-49E9-AF09-AA0D33BAC6A7}.Release|Any CPU.ActiveCfg = Release|Any CPU
		{23410C7A-BCD4-49E9-AF09-AA0D33BAC6A7}.Release|Any CPU.Build.0 = Release|Any CPU
		{23410C7A-BCD4-49E9-AF09-AA0D33BAC6A7}.Release|ARM.ActiveCfg = Release|ARM
		{23410C7A-BCD4-49E9-AF09-AA0D33BAC6A7}.Release|ARM.Build.0 = Release|ARM
		{23410C7A-BCD4-49E9-AF09-AA0D33BAC6A7}.Release|x64.ActiveCfg = Release|x64
		{23410C7A-BCD4-49E9-AF09-AA0D33BAC6A7}.Release|x64.Build.0 = Release|x64
		{23410C7A-BCD4-49E9-AF09-AA0D33BAC6A7}.Release|x86.ActiveCfg = Release|x86
		{23410C7A-BCD4-49E9-AF09-AA0D33BAC6A7}.Release|x86.Build.0 = Release|x86
		{4CA64D4E-4ACB-4CB7-AA8E-54398B25B8AB}.Debug|Any CPU.ActiveCfg = Debug|Any CPU
		{4CA64D4E-4ACB-4CB7-AA8E-54398B25B8AB}.Debug|Any CPU.Build.0 = Debug|Any CPU
		{4CA64D4E-4ACB-4CB7-AA8E-54398B25B8AB}.Debug|ARM.ActiveCfg = Debug|Any CPU
		{4CA64D4E-4ACB-4CB7-AA8E-54398B25B8AB}.Debug|ARM.Build.0 = Debug|Any CPU
		{4CA64D4E-4ACB-4CB7-AA8E-54398B25B8AB}.Debug|x64.ActiveCfg = Debug|Any CPU
		{4CA64D4E-4ACB-4CB7-AA8E-54398B25B8AB}.Debug|x64.Build.0 = Debug|Any CPU
		{4CA64D4E-4ACB-4CB7-AA8E-54398B25B8AB}.Debug|x86.ActiveCfg = Debug|Any CPU
		{4CA64D4E-4ACB-4CB7-AA8E-54398B25B8AB}.Debug|x86.Build.0 = Debug|Any CPU
		{4CA64D4E-4ACB-4CB7-AA8E-54398B25B8AB}.Release|Any CPU.ActiveCfg = Release|Any CPU
		{4CA64D4E-4ACB-4CB7-AA8E-54398B25B8AB}.Release|Any CPU.Build.0 = Release|Any CPU
		{4CA64D4E-4ACB-4CB7-AA8E-54398B25B8AB}.Release|ARM.ActiveCfg = Release|Any CPU
		{4CA64D4E-4ACB-4CB7-AA8E-54398B25B8AB}.Release|ARM.Build.0 = Release|Any CPU
		{4CA64D4E-4ACB-4CB7-AA8E-54398B25B8AB}.Release|x64.ActiveCfg = Release|Any CPU
		{4CA64D4E-4ACB-4CB7-AA8E-54398B25B8AB}.Release|x64.Build.0 = Release|Any CPU
		{4CA64D4E-4ACB-4CB7-AA8E-54398B25B8AB}.Release|x86.ActiveCfg = Release|Any CPU
		{4CA64D4E-4ACB-4CB7-AA8E-54398B25B8AB}.Release|x86.Build.0 = Release|Any CPU
		{668D8036-DC97-4250-B539-81175F9C9BD3}.Debug|Any CPU.ActiveCfg = Debug|x86
		{668D8036-DC97-4250-B539-81175F9C9BD3}.Debug|ARM.ActiveCfg = Debug|ARM
		{668D8036-DC97-4250-B539-81175F9C9BD3}.Debug|ARM.Build.0 = Debug|ARM
		{668D8036-DC97-4250-B539-81175F9C9BD3}.Debug|ARM.Deploy.0 = Debug|ARM
		{668D8036-DC97-4250-B539-81175F9C9BD3}.Debug|x64.ActiveCfg = Debug|x64
		{668D8036-DC97-4250-B539-81175F9C9BD3}.Debug|x64.Build.0 = Debug|x64
		{668D8036-DC97-4250-B539-81175F9C9BD3}.Debug|x64.Deploy.0 = Debug|x64
		{668D8036-DC97-4250-B539-81175F9C9BD3}.Debug|x86.ActiveCfg = Debug|x86
		{668D8036-DC97-4250-B539-81175F9C9BD3}.Debug|x86.Build.0 = Debug|x86
		{668D8036-DC97-4250-B539-81175F9C9BD3}.Debug|x86.Deploy.0 = Debug|x86
		{668D8036-DC97-4250-B539-81175F9C9BD3}.Release|Any CPU.ActiveCfg = Release|x86
		{668D8036-DC97-4250-B539-81175F9C9BD3}.Release|ARM.ActiveCfg = Release|ARM
		{668D8036-DC97-4250-B539-81175F9C9BD3}.Release|ARM.Build.0 = Release|ARM
		{668D8036-DC97-4250-B539-81175F9C9BD3}.Release|ARM.Deploy.0 = Release|ARM
		{668D8036-DC97-4250-B539-81175F9C9BD3}.Release|x64.ActiveCfg = Release|x64
		{668D8036-DC97-4250-B539-81175F9C9BD3}.Release|x64.Build.0 = Release|x64
		{668D8036-DC97-4250-B539-81175F9C9BD3}.Release|x64.Deploy.0 = Release|x64
		{668D8036-DC97-4250-B539-81175F9C9BD3}.Release|x86.ActiveCfg = Release|x86
		{668D8036-DC97-4250-B539-81175F9C9BD3}.Release|x86.Build.0 = Release|x86
		{668D8036-DC97-4250-B539-81175F9C9BD3}.Release|x86.Deploy.0 = Release|x86
		{57CA4ACB-4759-492C-AC65-E2F86C0AA663}.Debug|Any CPU.ActiveCfg = Debug|Any CPU
		{57CA4ACB-4759-492C-AC65-E2F86C0AA663}.Debug|Any CPU.Build.0 = Debug|Any CPU
		{57CA4ACB-4759-492C-AC65-E2F86C0AA663}.Debug|ARM.ActiveCfg = Debug|ARM
		{57CA4ACB-4759-492C-AC65-E2F86C0AA663}.Debug|ARM.Build.0 = Debug|ARM
		{57CA4ACB-4759-492C-AC65-E2F86C0AA663}.Debug|x64.ActiveCfg = Debug|x64
		{57CA4ACB-4759-492C-AC65-E2F86C0AA663}.Debug|x64.Build.0 = Debug|x64
		{57CA4ACB-4759-492C-AC65-E2F86C0AA663}.Debug|x86.ActiveCfg = Debug|x86
		{57CA4ACB-4759-492C-AC65-E2F86C0AA663}.Debug|x86.Build.0 = Debug|x86
		{57CA4ACB-4759-492C-AC65-E2F86C0AA663}.Release|Any CPU.ActiveCfg = Release|Any CPU
		{57CA4ACB-4759-492C-AC65-E2F86C0AA663}.Release|Any CPU.Build.0 = Release|Any CPU
		{57CA4ACB-4759-492C-AC65-E2F86C0AA663}.Release|ARM.ActiveCfg = Release|ARM
		{57CA4ACB-4759-492C-AC65-E2F86C0AA663}.Release|ARM.Build.0 = Release|ARM
		{57CA4ACB-4759-492C-AC65-E2F86C0AA663}.Release|x64.ActiveCfg = Release|x64
		{57CA4ACB-4759-492C-AC65-E2F86C0AA663}.Release|x64.Build.0 = Release|x64
		{57CA4ACB-4759-492C-AC65-E2F86C0AA663}.Release|x86.ActiveCfg = Release|x86
		{57CA4ACB-4759-492C-AC65-E2F86C0AA663}.Release|x86.Build.0 = Release|x86
	EndGlobalSection
	GlobalSection(SolutionProperties) = preSolution
		HideSolutionNode = FALSE
	EndGlobalSection
	GlobalSection(TeamFoundationVersionControl) = preSolution
		SccNumberOfProjects = 5
		SccEnterpriseProvider = {4CA58AB2-18FA-4F8D-95D4-32DDF27D184C}
		SccTeamFoundationServer = https://tfs.argusnet.ch/tfs/defaultcollection
		SccLocalPath0 = .
		SccProjectUniqueName1 = Model\\ARGUSnet.RaspberryPiFramework.Model.csproj
		SccProjectName1 = Model
		SccLocalPath1 = Model
		SccProjectUniqueName2 = NativeAdapter\\ARGUSnet.RaspberryPiFramework.NativeAdapter.csproj
		SccProjectName2 = NativeAdapter
		SccLocalPath2 = NativeAdapter
		SccProjectUniqueName3 = NetworkIntegration.App\\ARGUSnet.RaspberryPiFramework.NetworkIntegration.App.csproj
		SccProjectName3 = NetworkIntegration.App
		SccLocalPath3 = NetworkIntegration.App
		SccProjectUniqueName4 = NetworkIntegration.Services\\ARGUSnet.RaspberryPiFramework.NetworkIntegration.Services.csproj
		SccProjectName4 = NetworkIntegration.Services
		SccLocalPath4 = NetworkIntegration.Services
	EndGlobalSection
EndGlobal
